
Microsoft Visual Studio Solution File, Format Version 12.00
# Visual Studio Version 17
VisualStudioVersion = 17.14.36203.30
MinimumVisualStudioVersion = 10.0.40219.1
Project("{FAE04EC0-301F-11D3-BF4B-00C04F79EFBC}") = "ToDoList", "ToDoList\ToDoList.csproj", "{405A8954-D116-4E2C-ABEB-425369124F13}"
EndProject
Project("{FAE04EC0-301F-11D3-BF4B-00C04F79EFBC}") = "Calculator", "Calculator\Calculator.csproj", "{ACDDD0BE-A3F0-4E69-971D-CD70FCCCD80B}"
EndProject
Global
	GlobalSection(SolutionConfigurationPlatforms) = preSolution
		Debug|Any CPU = Debug|Any CPU
		Release|Any CPU = Release|Any CPU
	EndGlobalSection
	GlobalSection(ProjectConfigurationPlatforms) = postSolution
		{405A8954-D116-4E2C-ABEB-425369124F13}.Debug|Any CPU.ActiveCfg = Debug|Any CPU
		{405A8954-D116-4E2C-ABEB-425369124F13}.Debug|Any CPU.Build.0 = Debug|Any CPU
		{405A8954-D116-4E2C-ABEB-425369124F13}.Release|Any CPU.ActiveCfg = Release|Any CPU
		{405A8954-D116-4E2C-ABEB-425369124F13}.Release|Any CPU.Build.0 = Release|Any CPU
		{ACDDD0BE-A3F0-4E69-971D-CD70FCCCD80B}.Debug|Any CPU.ActiveCfg = Debug|Any CPU
		{ACDDD0BE-A3F0-4E69-971D-CD70FCCCD80B}.Debug|Any CPU.Build.0 = Debug|Any CPU
		{ACDDD0BE-A3F0-4E69-971D-CD70FCCCD80B}.Release|Any CPU.ActiveCfg = Release|Any CPU
		{ACDDD0BE-A3F0-4E69-971D-CD70FCCCD80B}.Release|Any CPU.Build.0 = Release|Any CPU
	EndGlobalSection
	GlobalSection(SolutionProperties) = preSolution
		HideSolutionNode = FALSE
	EndGlobalSection
	GlobalSection(ExtensibilityGlobals) = postSolution
		SolutionGuid = {FB842F60-D81C-474C-9C31-877DE915A08E}
	EndGlobalSection
EndGlobal
